
Microsoft Visual Studio Solution File, Format Version 12.00
# Visual Studio 2013
VisualStudioVersion = 12.0.31101.0
MinimumVisualStudioVersion = 10.0.40219.1
Project("{FAE04EC0-301F-11D3-BF4B-00C04F79EFBC}") = "ResourceExporter", "ResourceExporter\ResourceExporter.csproj", "{9B1CD9FC-365C-4D97-9458-14F8446B5291}"
EndProject
Project("{FAE04EC0-301F-11D3-BF4B-00C04F79EFBC}") = "ResourceExporterTest", "ResourceExporterTest\ResourceExporterTest.csproj", "{600AFEBA-7157-41D3-956E-49C1EA749BEC}"
EndProject
Project("{FAE04EC0-301F-11D3-BF4B-00C04F79EFBC}") = "ClassLibraryWithEmbeddedResources", "ClassLibraryWithEmbeddedResources\ClassLibraryWithEmbeddedResources.csproj", "{B91E9AFC-AEA3-409F-9F79-7948A1D0DF9C}"
EndProject
Global
	GlobalSection(SolutionConfigurationPlatforms) = preSolution
		Debug|Any CPU = Debug|Any CPU
		Debug|ARM = Debug|ARM
		Debug|Mixed Platforms = Debug|Mixed Platforms
		Debug|Win32 = Debug|Win32
		Debug|x64 = Debug|x64
		Debug|x86 = Debug|x86
		Release|Any CPU = Release|Any CPU
		Release|ARM = Release|ARM
		Release|Mixed Platforms = Release|Mixed Platforms
		Release|Win32 = Release|Win32
		Release|x64 = Release|x64
		Release|x86 = Release|x86
	EndGlobalSection
	GlobalSection(ProjectConfigurationPlatforms) = postSolution
		{9B1CD9FC-365C-4D97-9458-14F8446B5291}.Debug|Any CPU.ActiveCfg = Debug|Any CPU
		{9B1CD9FC-365C-4D97-9458-14F8446B5291}.Debug|Any CPU.Build.0 = Debug|Any CPU
		{9B1CD9FC-365C-4D97-9458-14F8446B5291}.Debug|ARM.ActiveCfg = Debug|Any CPU
		{9B1CD9FC-365C-4D97-9458-14F8446B5291}.Debug|Mixed Platforms.ActiveCfg = Debug|Any CPU
		{9B1CD9FC-365C-4D97-9458-14F8446B5291}.Debug|Mixed Platforms.Build.0 = Debug|Any CPU
		{9B1CD9FC-365C-4D97-9458-14F8446B5291}.Debug|Win32.ActiveCfg = Debug|Any CPU
		{9B1CD9FC-365C-4D97-9458-14F8446B5291}.Debug|x64.ActiveCfg = Debug|Any CPU
		{9B1CD9FC-365C-4D97-9458-14F8446B5291}.Debug|x86.ActiveCfg = Debug|Any CPU
		{9B1CD9FC-365C-4D97-9458-14F8446B5291}.Release|Any CPU.ActiveCfg = Release|Any CPU
		{9B1CD9FC-365C-4D97-9458-14F8446B5291}.Release|Any CPU.Build.0 = Release|Any CPU
		{9B1CD9FC-365C-4D97-9458-14F8446B5291}.Release|ARM.ActiveCfg = Release|Any CPU
		{9B1CD9FC-365C-4D97-9458-14F8446B5291}.Release|Mixed Platforms.ActiveCfg = Release|Any CPU
		{9B1CD9FC-365C-4D97-9458-14F8446B5291}.Release|Mixed Platforms.Build.0 = Release|Any CPU
		{9B1CD9FC-365C-4D97-9458-14F8446B5291}.Release|Win32.ActiveCfg = Release|Any CPU
		{9B1CD9FC-365C-4D97-9458-14F8446B5291}.Release|x64.ActiveCfg = Release|Any CPU
		{9B1CD9FC-365C-4D97-9458-14F8446B5291}.Release|x86.ActiveCfg = Release|Any CPU
		{600AFEBA-7157-41D3-956E-49C1EA749BEC}.Debug|Any CPU.ActiveCfg = Debug|Any CPU
		{600AFEBA-7157-41D3-956E-49C1EA749BEC}.Debug|Any CPU.Build.0 = Debug|Any CPU
		{600AFEBA-7157-41D3-956E-49C1EA749BEC}.Debug|ARM.ActiveCfg = Debug|Any CPU
		{600AFEBA-7157-41D3-956E-49C1EA749BEC}.Debug|Mixed Platforms.ActiveCfg = Debug|Any CPU
		{600AFEBA-7157-41D3-956E-49C1EA749BEC}.Debug|Mixed Platforms.Build.0 = Debug|Any CPU
		{600AFEBA-7157-41D3-956E-49C1EA749BEC}.Debug|Win32.ActiveCfg = Debug|Any CPU
		{600AFEBA-7157-41D3-956E-49C1EA749BEC}.Debug|x64.ActiveCfg = Debug|Any CPU
		{600AFEBA-7157-41D3-956E-49C1EA749BEC}.Debug|x86.ActiveCfg = Debug|Any CPU
		{600AFEBA-7157-41D3-956E-49C1EA749BEC}.Release|Any CPU.ActiveCfg = Release|Any CPU
		{600AFEBA-7157-41D3-956E-49C1EA749BEC}.Release|Any CPU.Build.0 = Release|Any CPU
		{600AFEBA-7157-41D3-956E-49C1EA749BEC}.Release|ARM.ActiveCfg = Release|Any CPU
		{600AFEBA-7157-41D3-956E-49C1EA749BEC}.Release|Mixed Platforms.ActiveCfg = Release|Any CPU
		{600AFEBA-7157-41D3-956E-49C1EA749BEC}.Release|Mixed Platforms.Build.0 = Release|Any CPU
		{600AFEBA-7157-41D3-956E-49C1EA749BEC}.Release|Win32.ActiveCfg = Release|Any CPU
		{600AFEBA-7157-41D3-956E-49C1EA749BEC}.Release|x64.ActiveCfg = Release|Any CPU
		{600AFEBA-7157-41D3-956E-49C1EA749BEC}.Release|x86.ActiveCfg = Release|Any CPU
		{B91E9AFC-AEA3-409F-9F79-7948A1D0DF9C}.Debug|Any CPU.ActiveCfg = Debug|Any CPU
		{B91E9AFC-AEA3-409F-9F79-7948A1D0DF9C}.Debug|Any CPU.Build.0 = Debug|Any CPU
		{B91E9AFC-AEA3-409F-9F79-7948A1D0DF9C}.Debug|ARM.ActiveCfg = Debug|Any CPU
		{B91E9AFC-AEA3-409F-9F79-7948A1D0DF9C}.Debug|Mixed Platforms.ActiveCfg = Debug|Any CPU
		{B91E9AFC-AEA3-409F-9F79-7948A1D0DF9C}.Debug|Mixed Platforms.Build.0 = Debug|Any CPU
		{B91E9AFC-AEA3-409F-9F79-7948A1D0DF9C}.Debug|Win32.ActiveCfg = Debug|Any CPU
		{B91E9AFC-AEA3-409F-9F79-7948A1D0DF9C}.Debug|x64.ActiveCfg = Debug|Any CPU
		{B91E9AFC-AEA3-409F-9F79-7948A1D0DF9C}.Debug|x86.ActiveCfg = Debug|Any CPU
		{B91E9AFC-AEA3-409F-9F79-7948A1D0DF9C}.Release|Any CPU.ActiveCfg = Release|Any CPU
		{B91E9AFC-AEA3-409F-9F79-7948A1D0DF9C}.Release|Any CPU.Build.0 = Release|Any CPU
		{B91E9AFC-AEA3-409F-9F79-7948A1D0DF9C}.Release|ARM.ActiveCfg = Release|Any CPU
		{B91E9AFC-AEA3-409F-9F79-7948A1D0DF9C}.Release|Mixed Platforms.ActiveCfg = Release|Any CPU
		{B91E9AFC-AEA3-409F-9F79-7948A1D0DF9C}.Release|Mixed Platforms.Build.0 = Release|Any CPU
		{B91E9AFC-AEA3-409F-9F79-7948A1D0DF9C}.Release|Win32.ActiveCfg = Release|Any CPU
		{B91E9AFC-AEA3-409F-9F79-7948A1D0DF9C}.Release|x64.ActiveCfg = Release|Any CPU
		{B91E9AFC-AEA3-409F-9F79-7948A1D0DF9C}.Release|x86.ActiveCfg = Release|Any CPU
	EndGlobalSection
	GlobalSection(SolutionProperties) = preSolution
		HideSolutionNode = FALSE
	EndGlobalSection
EndGlobal
